
Microsoft Visual Studio Solution File, Format Version 12.00
# Visual Studio Version 17
VisualStudioVersion = 17.4.33205.214
MinimumVisualStudioVersion = 10.0.40219.1
Project("{FAE04EC0-301F-11D3-BF4B-00C04F79EFBC}") = "Abstraction_BITC", "Abstraction_BITC\Abstraction_BITC.csproj", "{872C8A1B-C5C3-4746-ADE3-A435AB45A9C5}"
EndProject
Project("{FAE04EC0-301F-11D3-BF4B-00C04F79EFBC}") = "Abstraction2_BITC", "Abstraction2_BITC\Abstraction2_BITC.csproj", "{9E7951CF-0996-4458-B809-9D6C70D8FCFB}"
EndProject
Global
	GlobalSection(SolutionConfigurationPlatforms) = preSolution
		Debug|Any CPU = Debug|Any CPU
		Release|Any CPU = Release|Any CPU
	EndGlobalSection
	GlobalSection(ProjectConfigurationPlatforms) = postSolution
		{872C8A1B-C5C3-4746-ADE3-A435AB45A9C5}.Debug|Any CPU.ActiveCfg = Debug|Any CPU
		{872C8A1B-C5C3-4746-ADE3-A435AB45A9C5}.Debug|Any CPU.Build.0 = Debug|Any CPU
		{872C8A1B-C5C3-4746-ADE3-A435AB45A9C5}.Release|Any CPU.ActiveCfg = Release|Any CPU
		{872C8A1B-C5C3-4746-ADE3-A435AB45A9C5}.Release|Any CPU.Build.0 = Release|Any CPU
		{9E7951CF-0996-4458-B809-9D6C70D8FCFB}.Debug|Any CPU.ActiveCfg = Debug|Any CPU
		{9E7951CF-0996-4458-B809-9D6C70D8FCFB}.Debug|Any CPU.Build.0 = Debug|Any CPU
		{9E7951CF-0996-4458-B809-9D6C70D8FCFB}.Release|Any CPU.ActiveCfg = Release|Any CPU
		{9E7951CF-0996-4458-B809-9D6C70D8FCFB}.Release|Any CPU.Build.0 = Release|Any CPU
	EndGlobalSection
	GlobalSection(SolutionProperties) = preSolution
		HideSolutionNode = FALSE
	EndGlobalSection
	GlobalSection(ExtensibilityGlobals) = postSolution
		SolutionGuid = {581B448D-FA0B-448D-8B04-6DEE21D26152}
	EndGlobalSection
EndGlobal
